
Microsoft Visual Studio Solution File, Format Version 12.00
# Visual Studio Version 16
VisualStudioVersion = 16.0.31205.134
MinimumVisualStudioVersion = 10.0.40219.1
Project("{2150E333-8FDC-42A3-9474-1A3956D46DE8}") = "Services", "Services", "{B5ABF5A9-21DC-47D5-8CC0-AC802FE108F7}"
EndProject
Project("{2150E333-8FDC-42A3-9474-1A3956D46DE8}") = "Catalog", "Catalog", "{11FFD6D7-A677-4571-A5DE-5E47095DE9DA}"
EndProject
Project("{9A19103F-16F7-4668-BE54-9A1E7A4F7556}") = "Catalog.API", "Services\Catalog\Catalog.API\Catalog.API.csproj", "{E0175263-B346-45F0-8EAD-807F5EFBE43A}"
EndProject
Project("{E53339B2-1760-4266-BCC7-CA923CBCF16C}") = "docker-compose", "docker-compose.dcproj", "{FBBC9AC2-CCF0-4F75-A018-344DA2515011}"
EndProject
Project("{2150E333-8FDC-42A3-9474-1A3956D46DE8}") = "Basket", "Basket", "{B70F3796-CEF5-4E4E-B73C-10638433E8F9}"
EndProject
Project("{9A19103F-16F7-4668-BE54-9A1E7A4F7556}") = "Basket.API", "Services\Basket\Basket.API\Basket.API.csproj", "{8A5D5B0E-76F5-4670-B444-9D5A704E0A81}"
EndProject
Project("{2150E333-8FDC-42A3-9474-1A3956D46DE8}") = "Discount", "Discount", "{4493F811-E270-4DF4-B2E0-A0EFFAB54361}"
EndProject
Project("{9A19103F-16F7-4668-BE54-9A1E7A4F7556}") = "Discount.API", "Services\Discount\Discount.API\Discount.API.csproj", "{419DA7FB-0BE1-4E1D-A78F-37F6483288A7}"
EndProject
Project("{9A19103F-16F7-4668-BE54-9A1E7A4F7556}") = "Discount.Grpc", "Services\Discount\Discount.Grpc\Discount.Grpc.csproj", "{B9DA875C-5061-467E-87BC-576657F6A5AB}"
EndProject
Project("{2150E333-8FDC-42A3-9474-1A3956D46DE8}") = "Ordering", "Ordering", "{BD247D6C-6E38-4EA5-A991-5E8ED3A2AEC5}"
EndProject
Project("{9A19103F-16F7-4668-BE54-9A1E7A4F7556}") = "Ordering.API", "Services\Ordering\Ordering.API\Ordering.API.csproj", "{4381DCED-D526-421E-B7B5-B25049E7B6FF}"
EndProject
Project("{9A19103F-16F7-4668-BE54-9A1E7A4F7556}") = "Ordering.Domain", "Services\Ordering\Ordering.Domain\Ordering.Domain.csproj", "{653FBB17-3F6E-43B2-B139-D1562B56DD89}"
EndProject
Project("{9A19103F-16F7-4668-BE54-9A1E7A4F7556}") = "Ordering.Application", "Services\Ordering\Ordering.Application\Ordering.Application.csproj", "{1D00649B-F96B-405E-972E-7AA7190A2155}"
EndProject
Project("{9A19103F-16F7-4668-BE54-9A1E7A4F7556}") = "Ordering.Infrastructure", "Services\Ordering\Ordering.Infrastructure\Ordering.Infrastructure.csproj", "{E7CAB897-5A63-48A0-A3A4-679FB46C267D}"
EndProject
Project("{2150E333-8FDC-42A3-9474-1A3956D46DE8}") = "BuildingBlocks", "BuildingBlocks", "{706B2B8D-AEDD-4050-B975-E31FF87D1266}"
EndProject
Project("{9A19103F-16F7-4668-BE54-9A1E7A4F7556}") = "EventBus.Messages", "BuildingBlocks\EventBus.Messages\EventBus.Messages.csproj", "{39AA4BBA-8E58-459F-9423-6B1966195DDA}"
EndProject
Project("{2150E333-8FDC-42A3-9474-1A3956D46DE8}") = "APIGateways", "APIGateways", "{ECFE226F-DE07-4201-AFE2-B26E0E6F81E5}"
EndProject
Project("{FAE04EC0-301F-11D3-BF4B-00C04F79EFBC}") = "OcelotApiGw", "APIGateways\OcelotApiGw\OcelotApiGw.csproj", "{85AF5A69-52DE-45E8-8059-BC7911F88D78}"
EndProject
Global
	GlobalSection(SolutionConfigurationPlatforms) = preSolution
		Debug|Any CPU = Debug|Any CPU
		Release|Any CPU = Release|Any CPU
	EndGlobalSection
	GlobalSection(ProjectConfigurationPlatforms) = postSolution
		{E0175263-B346-45F0-8EAD-807F5EFBE43A}.Debug|Any CPU.ActiveCfg = Debug|Any CPU
		{E0175263-B346-45F0-8EAD-807F5EFBE43A}.Debug|Any CPU.Build.0 = Debug|Any CPU
		{E0175263-B346-45F0-8EAD-807F5EFBE43A}.Release|Any CPU.ActiveCfg = Release|Any CPU
		{E0175263-B346-45F0-8EAD-807F5EFBE43A}.Release|Any CPU.Build.0 = Release|Any CPU
		{FBBC9AC2-CCF0-4F75-A018-344DA2515011}.Debug|Any CPU.ActiveCfg = Debug|Any CPU
		{FBBC9AC2-CCF0-4F75-A018-344DA2515011}.Debug|Any CPU.Build.0 = Debug|Any CPU
		{FBBC9AC2-CCF0-4F75-A018-344DA2515011}.Release|Any CPU.ActiveCfg = Release|Any CPU
		{FBBC9AC2-CCF0-4F75-A018-344DA2515011}.Release|Any CPU.Build.0 = Release|Any CPU
		{8A5D5B0E-76F5-4670-B444-9D5A704E0A81}.Debug|Any CPU.ActiveCfg = Debug|Any CPU
		{8A5D5B0E-76F5-4670-B444-9D5A704E0A81}.Debug|Any CPU.Build.0 = Debug|Any CPU
		{8A5D5B0E-76F5-4670-B444-9D5A704E0A81}.Release|Any CPU.ActiveCfg = Release|Any CPU
		{8A5D5B0E-76F5-4670-B444-9D5A704E0A81}.Release|Any CPU.Build.0 = Release|Any CPU
		{419DA7FB-0BE1-4E1D-A78F-37F6483288A7}.Debug|Any CPU.ActiveCfg = Debug|Any CPU
		{419DA7FB-0BE1-4E1D-A78F-37F6483288A7}.Debug|Any CPU.Build.0 = Debug|Any CPU
		{419DA7FB-0BE1-4E1D-A78F-37F6483288A7}.Release|Any CPU.ActiveCfg = Release|Any CPU
		{419DA7FB-0BE1-4E1D-A78F-37F6483288A7}.Release|Any CPU.Build.0 = Release|Any CPU
		{B9DA875C-5061-467E-87BC-576657F6A5AB}.Debug|Any CPU.ActiveCfg = Debug|Any CPU
		{B9DA875C-5061-467E-87BC-576657F6A5AB}.Debug|Any CPU.Build.0 = Debug|Any CPU
		{B9DA875C-5061-467E-87BC-576657F6A5AB}.Release|Any CPU.ActiveCfg = Release|Any CPU
		{B9DA875C-5061-467E-87BC-576657F6A5AB}.Release|Any CPU.Build.0 = Release|Any CPU
		{4381DCED-D526-421E-B7B5-B25049E7B6FF}.Debug|Any CPU.ActiveCfg = Debug|Any CPU
		{4381DCED-D526-421E-B7B5-B25049E7B6FF}.Debug|Any CPU.Build.0 = Debug|Any CPU
		{4381DCED-D526-421E-B7B5-B25049E7B6FF}.Release|Any CPU.ActiveCfg = Release|Any CPU
		{4381DCED-D526-421E-B7B5-B25049E7B6FF}.Release|Any CPU.Build.0 = Release|Any CPU
		{653FBB17-3F6E-43B2-B139-D1562B56DD89}.Debug|Any CPU.ActiveCfg = Debug|Any CPU
		{653FBB17-3F6E-43B2-B139-D1562B56DD89}.Debug|Any CPU.Build.0 = Debug|Any CPU
		{653FBB17-3F6E-43B2-B139-D1562B56DD89}.Release|Any CPU.ActiveCfg = Release|Any CPU
		{653FBB17-3F6E-43B2-B139-D1562B56DD89}.Release|Any CPU.Build.0 = Release|Any CPU
		{1D00649B-F96B-405E-972E-7AA7190A2155}.Debug|Any CPU.ActiveCfg = Debug|Any CPU
		{1D00649B-F96B-405E-972E-7AA7190A2155}.Debug|Any CPU.Build.0 = Debug|Any CPU
		{1D00649B-F96B-405E-972E-7AA7190A2155}.Release|Any CPU.ActiveCfg = Release|Any CPU
		{1D00649B-F96B-405E-972E-7AA7190A2155}.Release|Any CPU.Build.0 = Release|Any CPU
		{E7CAB897-5A63-48A0-A3A4-679FB46C267D}.Debug|Any CPU.ActiveCfg = Debug|Any CPU
		{E7CAB897-5A63-48A0-A3A4-679FB46C267D}.Debug|Any CPU.Build.0 = Debug|Any CPU
		{E7CAB897-5A63-48A0-A3A4-679FB46C267D}.Release|Any CPU.ActiveCfg = Release|Any CPU
		{E7CAB897-5A63-48A0-A3A4-679FB46C267D}.Release|Any CPU.Build.0 = Release|Any CPU
		{39AA4BBA-8E58-459F-9423-6B1966195DDA}.Debug|Any CPU.ActiveCfg = Debug|Any CPU
		{39AA4BBA-8E58-459F-9423-6B1966195DDA}.Debug|Any CPU.Build.0 = Debug|Any CPU
		{39AA4BBA-8E58-459F-9423-6B1966195DDA}.Release|Any CPU.ActiveCfg = Release|Any CPU
		{39AA4BBA-8E58-459F-9423-6B1966195DDA}.Release|Any CPU.Build.0 = Release|Any CPU
		{85AF5A69-52DE-45E8-8059-BC7911F88D78}.Debug|Any CPU.ActiveCfg = Debug|Any CPU
		{85AF5A69-52DE-45E8-8059-BC7911F88D78}.Debug|Any CPU.Build.0 = Debug|Any CPU
		{85AF5A69-52DE-45E8-8059-BC7911F88D78}.Release|Any CPU.ActiveCfg = Release|Any CPU
		{85AF5A69-52DE-45E8-8059-BC7911F88D78}.Release|Any CPU.Build.0 = Release|Any CPU
	EndGlobalSection
	GlobalSection(SolutionProperties) = preSolution
		HideSolutionNode = FALSE
	EndGlobalSection
	GlobalSection(NestedProjects) = preSolution
		{11FFD6D7-A677-4571-A5DE-5E47095DE9DA} = {B5ABF5A9-21DC-47D5-8CC0-AC802FE108F7}
		{E0175263-B346-45F0-8EAD-807F5EFBE43A} = {11FFD6D7-A677-4571-A5DE-5E47095DE9DA}
		{B70F3796-CEF5-4E4E-B73C-10638433E8F9} = {B5ABF5A9-21DC-47D5-8CC0-AC802FE108F7}
		{8A5D5B0E-76F5-4670-B444-9D5A704E0A81} = {B70F3796-CEF5-4E4E-B73C-10638433E8F9}
		{4493F811-E270-4DF4-B2E0-A0EFFAB54361} = {B5ABF5A9-21DC-47D5-8CC0-AC802FE108F7}
		{419DA7FB-0BE1-4E1D-A78F-37F6483288A7} = {4493F811-E270-4DF4-B2E0-A0EFFAB54361}
		{B9DA875C-5061-467E-87BC-576657F6A5AB} = {4493F811-E270-4DF4-B2E0-A0EFFAB54361}
		{BD247D6C-6E38-4EA5-A991-5E8ED3A2AEC5} = {B5ABF5A9-21DC-47D5-8CC0-AC802FE108F7}
		{4381DCED-D526-421E-B7B5-B25049E7B6FF} = {BD247D6C-6E38-4EA5-A991-5E8ED3A2AEC5}
		{653FBB17-3F6E-43B2-B139-D1562B56DD89} = {BD247D6C-6E38-4EA5-A991-5E8ED3A2AEC5}
		{1D00649B-F96B-405E-972E-7AA7190A2155} = {BD247D6C-6E38-4EA5-A991-5E8ED3A2AEC5}
		{E7CAB897-5A63-48A0-A3A4-679FB46C267D} = {BD247D6C-6E38-4EA5-A991-5E8ED3A2AEC5}
		{39AA4BBA-8E58-459F-9423-6B1966195DDA} = {706B2B8D-AEDD-4050-B975-E31FF87D1266}
		{85AF5A69-52DE-45E8-8059-BC7911F88D78} = {ECFE226F-DE07-4201-AFE2-B26E0E6F81E5}
	EndGlobalSection
	GlobalSection(ExtensibilityGlobals) = postSolution
		SolutionGuid = {BD04164C-B45E-4750-8123-215107350D52}
	EndGlobalSection
EndGlobal
